
Microsoft Visual Studio Solution File, Format Version 12.00
# Visual Studio Version 16
VisualStudioVersion = 16.0.30309.148
MinimumVisualStudioVersion = 10.0.40219.1
Project("{9A19103F-16F7-4668-BE54-9A1E7A4F7556}") = "MusicCatalogAPI", "MusicCatalogAPI\MusicCatalogAPI.csproj", "{E4A945D9-F919-4D96-90B3-B0288C0FDB93}"
EndProject
Project("{FAE04EC0-301F-11D3-BF4B-00C04F79EFBC}") = "MusicCatalogTests", "MusicCatalogTests\MusicCatalogTests.csproj", "{438DEB09-993E-4D4F-8781-970A4667D3F2}"
EndProject
Global
	GlobalSection(SolutionConfigurationPlatforms) = preSolution
		Debug|Any CPU = Debug|Any CPU
		Release|Any CPU = Release|Any CPU
	EndGlobalSection
	GlobalSection(ProjectConfigurationPlatforms) = postSolution
		{E4A945D9-F919-4D96-90B3-B0288C0FDB93}.Debug|Any CPU.ActiveCfg = Debug|Any CPU
		{E4A945D9-F919-4D96-90B3-B0288C0FDB93}.Debug|Any CPU.Build.0 = Debug|Any CPU
		{E4A945D9-F919-4D96-90B3-B0288C0FDB93}.Release|Any CPU.ActiveCfg = Release|Any CPU
		{E4A945D9-F919-4D96-90B3-B0288C0FDB93}.Release|Any CPU.Build.0 = Release|Any CPU
		{438DEB09-993E-4D4F-8781-970A4667D3F2}.Debug|Any CPU.ActiveCfg = Debug|Any CPU
		{438DEB09-993E-4D4F-8781-970A4667D3F2}.Debug|Any CPU.Build.0 = Debug|Any CPU
		{438DEB09-993E-4D4F-8781-970A4667D3F2}.Release|Any CPU.ActiveCfg = Release|Any CPU
		{438DEB09-993E-4D4F-8781-970A4667D3F2}.Release|Any CPU.Build.0 = Release|Any CPU
	EndGlobalSection
	GlobalSection(SolutionProperties) = preSolution
		HideSolutionNode = FALSE
	EndGlobalSection
	GlobalSection(ExtensibilityGlobals) = postSolution
		SolutionGuid = {3535A6ED-2CB2-4D9C-B8E9-EFD56C10668C}
	EndGlobalSection
EndGlobal
